
Microsoft Visual Studio Solution File, Format Version 12.00
# Visual Studio Version 17
VisualStudioVersion = 17.14.36930.0 d17.14
MinimumVisualStudioVersion = 10.0.40219.1
Project("{FAE04EC0-301F-11D3-BF4B-00C04F79EFBC}") = "NotificationService", "NotificationService\NotificationService.csproj", "{F3236E7D-BF95-46B0-AEA9-3114C96FE804}"
EndProject
Global
	GlobalSection(SolutionConfigurationPlatforms) = preSolution
		Debug|Any CPU = Debug|Any CPU
		Release|Any CPU = Release|Any CPU
	EndGlobalSection
	GlobalSection(ProjectConfigurationPlatforms) = postSolution
		{F3236E7D-BF95-46B0-AEA9-3114C96FE804}.Debug|Any CPU.ActiveCfg = Debug|Any CPU
		{F3236E7D-BF95-46B0-AEA9-3114C96FE804}.Debug|Any CPU.Build.0 = Debug|Any CPU
		{F3236E7D-BF95-46B0-AEA9-3114C96FE804}.Release|Any CPU.ActiveCfg = Release|Any CPU
		{F3236E7D-BF95-46B0-AEA9-3114C96FE804}.Release|Any CPU.Build.0 = Release|Any CPU
	EndGlobalSection
	GlobalSection(SolutionProperties) = preSolution
		HideSolutionNode = FALSE
	EndGlobalSection
	GlobalSection(ExtensibilityGlobals) = postSolution
		SolutionGuid = {76A6131B-7450-404D-8ECF-2BBDF05FBA1C}
	EndGlobalSection
EndGlobal
